// !$*UTF8*$!
{
	archiveVersion = 1;
	classes = {
	};
	objectVersion = 56;
	objects = {

/* Begin PBXBuildFile section */
		0868B2AA2A2BCAAA000AC02E /* 145481-planet-earth-and-rocket.json in Resources */ = {isa = PBXBuildFile; fileRef = 0868B2A92A2BCAAA000AC02E /* 145481-planet-earth-and-rocket.json */; };
		0868B2AE2A2BCD4F000AC02E /* LottieView.swift in Sources */ = {isa = PBXBuildFile; fileRef = 0868B2AD2A2BCD4F000AC02E /* LottieView.swift */; };
		086FFD862A29302C00456A70 /* FlowChatApp.swift in Sources */ = {isa = PBXBuildFile; fileRef = 086FFD852A29302C00456A70 /* FlowChatApp.swift */; };
		086FFD882A29302C00456A70 /* ContentView.swift in Sources */ = {isa = PBXBuildFile; fileRef = 086FFD872A29302C00456A70 /* ContentView.swift */; };
		086FFD8A2A29302F00456A70 /* Assets.xcassets in Resources */ = {isa = PBXBuildFile; fileRef = 086FFD892A29302F00456A70 /* Assets.xcassets */; };
		086FFD8D2A29302F00456A70 /* Preview Assets.xcassets in Resources */ = {isa = PBXBuildFile; fileRef = 086FFD8C2A29302F00456A70 /* Preview Assets.xcassets */; };
		086FFD942A29303D00456A70 /* Colors.swift in Sources */ = {isa = PBXBuildFile; fileRef = 086FFD932A29303D00456A70 /* Colors.swift */; };
		086FFD982A2A009F00456A70 /* GoogleService-Info.plist in Resources */ = {isa = PBXBuildFile; fileRef = 086FFD972A2A009F00456A70 /* GoogleService-Info.plist */; };
		086FFD9B2A2A014D00456A70 /* FirebaseAuth in Frameworks */ = {isa = PBXBuildFile; productRef = 086FFD9A2A2A014D00456A70 /* FirebaseAuth */; };
		086FFD9D2A2A014D00456A70 /* FirebaseFirestore in Frameworks */ = {isa = PBXBuildFile; productRef = 086FFD9C2A2A014D00456A70 /* FirebaseFirestore */; };
		086FFD9F2A2A014D00456A70 /* FirebaseFirestoreSwift in Frameworks */ = {isa = PBXBuildFile; productRef = 086FFD9E2A2A014D00456A70 /* FirebaseFirestoreSwift */; };
		086FFDA22A2A032700456A70 /* StartView.swift in Sources */ = {isa = PBXBuildFile; fileRef = 086FFDA12A2A032700456A70 /* StartView.swift */; };
		086FFDA42A2A0E8B00456A70 /* LoginView.swift in Sources */ = {isa = PBXBuildFile; fileRef = 086FFDA32A2A0E8B00456A70 /* LoginView.swift */; };
		086FFDA62A2A0E9500456A70 /* RegisterView.swift in Sources */ = {isa = PBXBuildFile; fileRef = 086FFDA52A2A0E9500456A70 /* RegisterView.swift */; };
		086FFDA82A2A159900456A70 /* UserInformationView.swift in Sources */ = {isa = PBXBuildFile; fileRef = 086FFDA72A2A159900456A70 /* UserInformationView.swift */; };
		086FFDAA2A2A168E00456A70 /* ImagePicker.swift in Sources */ = {isa = PBXBuildFile; fileRef = 086FFDA92A2A168E00456A70 /* ImagePicker.swift */; };
		086FFDAE2A2A2BAC00456A70 /* UserData.swift in Sources */ = {isa = PBXBuildFile; fileRef = 086FFDAD2A2A2BAC00456A70 /* UserData.swift */; };
		086FFDB02A2A2D5400456A70 /* structs.swift in Sources */ = {isa = PBXBuildFile; fileRef = 086FFDAF2A2A2D5400456A70 /* structs.swift */; };
		0898F2322A2B348D00BD26E8 /* MainView.swift in Sources */ = {isa = PBXBuildFile; fileRef = 0898F2312A2B348D00BD26E8 /* MainView.swift */; };
		0898F2342A2B5F5300BD26E8 /* RoundedCorner.swift in Sources */ = {isa = PBXBuildFile; fileRef = 0898F2332A2B5F5300BD26E8 /* RoundedCorner.swift */; };
		089C541F2A3485950075E015 /* chatItemView.swift in Sources */ = {isa = PBXBuildFile; fileRef = 089C541E2A3485950075E015 /* chatItemView.swift */; };
		08BC392A2A2BB7FF00C4F8D3 /* Lottie in Frameworks */ = {isa = PBXBuildFile; productRef = 08BC39292A2BB7FF00C4F8D3 /* Lottie */; };
		08F7176B2A2CABBD000ED3C0 /* AddView.swift in Sources */ = {isa = PBXBuildFile; fileRef = 08F7176A2A2CABBD000ED3C0 /* AddView.swift */; };
/* End PBXBuildFile section */

/* Begin PBXFileReference section */
		0868B2A92A2BCAAA000AC02E /* 145481-planet-earth-and-rocket.json */ = {isa = PBXFileReference; fileEncoding = 4; lastKnownFileType = text.json; path = "145481-planet-earth-and-rocket.json"; sourceTree = "<group>"; };
		0868B2AD2A2BCD4F000AC02E /* LottieView.swift */ = {isa = PBXFileReference; fileEncoding = 4; lastKnownFileType = sourcecode.swift; path = LottieView.swift; sourceTree = "<group>"; };
		086FFD822A29302C00456A70 /* FlowChat.app */ = {isa = PBXFileReference; explicitFileType = wrapper.application; includeInIndex = 0; path = FlowChat.app; sourceTree = BUILT_PRODUCTS_DIR; };
		086FFD852A29302C00456A70 /* FlowChatApp.swift */ = {isa = PBXFileReference; lastKnownFileType = sourcecode.swift; path = FlowChatApp.swift; sourceTree = "<group>"; };
		086FFD872A29302C00456A70 /* ContentView.swift */ = {isa = PBXFileReference; lastKnownFileType = sourcecode.swift; path = ContentView.swift; sourceTree = "<group>"; };
		086FFD892A29302F00456A70 /* Assets.xcassets */ = {isa = PBXFileReference; lastKnownFileType = folder.assetcatalog; path = Assets.xcassets; sourceTree = "<group>"; };
		086FFD8C2A29302F00456A70 /* Preview Assets.xcassets */ = {isa = PBXFileReference; lastKnownFileType = folder.assetcatalog; path = "Preview Assets.xcassets"; sourceTree = "<group>"; };
		086FFD932A29303D00456A70 /* Colors.swift */ = {isa = PBXFileReference; lastKnownFileType = sourcecode.swift; path = Colors.swift; sourceTree = "<group>"; };
		086FFD972A2A009F00456A70 /* GoogleService-Info.plist */ = {isa = PBXFileReference; fileEncoding = 4; lastKnownFileType = text.plist.xml; path = "GoogleService-Info.plist"; sourceTree = "<group>"; };
		086FFDA12A2A032700456A70 /* StartView.swift */ = {isa = PBXFileReference; lastKnownFileType = sourcecode.swift; path = StartView.swift; sourceTree = "<group>"; };
		086FFDA32A2A0E8B00456A70 /* LoginView.swift */ = {isa = PBXFileReference; lastKnownFileType = sourcecode.swift; path = LoginView.swift; sourceTree = "<group>"; };
		086FFDA52A2A0E9500456A70 /* RegisterView.swift */ = {isa = PBXFileReference; lastKnownFileType = sourcecode.swift; path = RegisterView.swift; sourceTree = "<group>"; };
		086FFDA72A2A159900456A70 /* UserInformationView.swift */ = {isa = PBXFileReference; lastKnownFileType = sourcecode.swift; path = UserInformationView.swift; sourceTree = "<group>"; };
		086FFDA92A2A168E00456A70 /* ImagePicker.swift */ = {isa = PBXFileReference; lastKnownFileType = sourcecode.swift; path = ImagePicker.swift; sourceTree = "<group>"; };
		086FFDAD2A2A2BAC00456A70 /* UserData.swift */ = {isa = PBXFileReference; lastKnownFileType = sourcecode.swift; path = UserData.swift; sourceTree = "<group>"; };
		086FFDAF2A2A2D5400456A70 /* structs.swift */ = {isa = PBXFileReference; lastKnownFileType = sourcecode.swift; path = structs.swift; sourceTree = "<group>"; };
		0898F2312A2B348D00BD26E8 /* MainView.swift */ = {isa = PBXFileReference; lastKnownFileType = sourcecode.swift; path = MainView.swift; sourceTree = "<group>"; };
		0898F2332A2B5F5300BD26E8 /* RoundedCorner.swift */ = {isa = PBXFileReference; lastKnownFileType = sourcecode.swift; path = RoundedCorner.swift; sourceTree = "<group>"; };
		089C541E2A3485950075E015 /* chatItemView.swift */ = {isa = PBXFileReference; lastKnownFileType = sourcecode.swift; path = chatItemView.swift; sourceTree = "<group>"; };
		08F7176A2A2CABBD000ED3C0 /* AddView.swift */ = {isa = PBXFileReference; lastKnownFileType = sourcecode.swift; path = AddView.swift; sourceTree = "<group>"; };
/* End PBXFileReference section */

/* Begin PBXFrameworksBuildPhase section */
		086FFD7F2A29302C00456A70 /* Frameworks */ = {
			isa = PBXFrameworksBuildPhase;
			buildActionMask = 2147483647;
			files = (
				086FFD9B2A2A014D00456A70 /* FirebaseAuth in Frameworks */,
				086FFD9D2A2A014D00456A70 /* FirebaseFirestore in Frameworks */,
				086FFD9F2A2A014D00456A70 /* FirebaseFirestoreSwift in Frameworks */,
				08BC392A2A2BB7FF00C4F8D3 /* Lottie in Frameworks */,
			);
			runOnlyForDeploymentPostprocessing = 0;
		};
/* End PBXFrameworksBuildPhase section */

/* Begin PBXGroup section */
		086FFD792A29302C00456A70 = {
			isa = PBXGroup;
			children = (
				086FFD842A29302C00456A70 /* FlowChat */,
				086FFD832A29302C00456A70 /* Products */,
			);
			sourceTree = "<group>";
		};
		086FFD832A29302C00456A70 /* Products */ = {
			isa = PBXGroup;
			children = (
				086FFD822A29302C00456A70 /* FlowChat.app */,
			);
			name = Products;
			sourceTree = "<group>";
		};
		086FFD842A29302C00456A70 /* FlowChat */ = {
			isa = PBXGroup;
			children = (
				086FFD972A2A009F00456A70 /* GoogleService-Info.plist */,
				086FFD852A29302C00456A70 /* FlowChatApp.swift */,
				086FFD872A29302C00456A70 /* ContentView.swift */,
				0898F2302A2B346F00BD26E8 /* MainViews */,
				086FFDAC2A2A2B9A00456A70 /* Data */,
				086FFDA02A2A024600456A70 /* Auth views */,
				086FFDAB2A2A19A600456A70 /* features */,
				086FFD892A29302F00456A70 /* Assets.xcassets */,
				086FFD8B2A29302F00456A70 /* Preview Content */,
			);
			path = FlowChat;
			sourceTree = "<group>";
		};
		086FFD8B2A29302F00456A70 /* Preview Content */ = {
			isa = PBXGroup;
			children = (
				086FFD8C2A29302F00456A70 /* Preview Assets.xcassets */,
			);
			path = "Preview Content";
			sourceTree = "<group>";
		};
		086FFDA02A2A024600456A70 /* Auth views */ = {
			isa = PBXGroup;
			children = (
				086FFDA12A2A032700456A70 /* StartView.swift */,
				086FFDA32A2A0E8B00456A70 /* LoginView.swift */,
				086FFDA52A2A0E9500456A70 /* RegisterView.swift */,
				086FFDA72A2A159900456A70 /* UserInformationView.swift */,
			);
			path = "Auth views";
			sourceTree = "<group>";
		};
		086FFDAB2A2A19A600456A70 /* features */ = {
			isa = PBXGroup;
			children = (
				089C541E2A3485950075E015 /* chatItemView.swift */,
				08BC392B2A2BB94300C4F8D3 /* lottie */,
				086FFD932A29303D00456A70 /* Colors.swift */,
				086FFDA92A2A168E00456A70 /* ImagePicker.swift */,
				0898F2332A2B5F5300BD26E8 /* RoundedCorner.swift */,
			);
			path = features;
			sourceTree = "<group>";
		};
		086FFDAC2A2A2B9A00456A70 /* Data */ = {
			isa = PBXGroup;
			children = (
				086FFDAD2A2A2BAC00456A70 /* UserData.swift */,
				086FFDAF2A2A2D5400456A70 /* structs.swift */,
			);
			path = Data;
			sourceTree = "<group>";
		};
		0898F2302A2B346F00BD26E8 /* MainViews */ = {
			isa = PBXGroup;
			children = (
				0898F2312A2B348D00BD26E8 /* MainView.swift */,
				08F7176A2A2CABBD000ED3C0 /* AddView.swift */,
			);
			path = MainViews;
			sourceTree = "<group>";
		};
		08BC392B2A2BB94300C4F8D3 /* lottie */ = {
			isa = PBXGroup;
			children = (
				0868B2AD2A2BCD4F000AC02E /* LottieView.swift */,
				0868B2A92A2BCAAA000AC02E /* 145481-planet-earth-and-rocket.json */,
			);
			path = lottie;
			sourceTree = "<group>";
		};
/* End PBXGroup section */

/* Begin PBXNativeTarget section */
		086FFD812A29302C00456A70 /* FlowChat */ = {
			isa = PBXNativeTarget;
			buildConfigurationList = 086FFD902A29302F00456A70 /* Build configuration list for PBXNativeTarget "FlowChat" */;
			buildPhases = (
				086FFD7E2A29302C00456A70 /* Sources */,
				086FFD7F2A29302C00456A70 /* Frameworks */,
				086FFD802A29302C00456A70 /* Resources */,
			);
			buildRules = (
			);
			dependencies = (
			);
			name = FlowChat;
			packageProductDependencies = (
				086FFD9A2A2A014D00456A70 /* FirebaseAuth */,
				086FFD9C2A2A014D00456A70 /* FirebaseFirestore */,
				086FFD9E2A2A014D00456A70 /* FirebaseFirestoreSwift */,
				08BC39292A2BB7FF00C4F8D3 /* Lottie */,
			);
			productName = FlowChat;
			productReference = 086FFD822A29302C00456A70 /* FlowChat.app */;
			productType = "com.apple.product-type.application";
		};
/* End PBXNativeTarget section */

/* Begin PBXProject section */
		086FFD7A2A29302C00456A70 /* Project object */ = {
			isa = PBXProject;
			attributes = {
				BuildIndependentTargetsInParallel = 1;
				LastSwiftUpdateCheck = 1430;
				LastUpgradeCheck = 1430;
				TargetAttributes = {
					086FFD812A29302C00456A70 = {
						CreatedOnToolsVersion = 14.3;
					};
				};
			};
			buildConfigurationList = 086FFD7D2A29302C00456A70 /* Build configuration list for PBXProject "FlowChat" */;
			compatibilityVersion = "Xcode 14.0";
			developmentRegion = en;
			hasScannedForEncodings = 0;
			knownRegions = (
				en,
				Base,
			);
			mainGroup = 086FFD792A29302C00456A70;
			packageReferences = (
				086FFD992A2A014D00456A70 /* XCRemoteSwiftPackageReference "firebase-ios-sdk" */,
				08BC39282A2BB7FF00C4F8D3 /* XCRemoteSwiftPackageReference "lottie-spm" */,
			);
			productRefGroup = 086FFD832A29302C00456A70 /* Products */;
			projectDirPath = "";
			projectRoot = "";
			targets = (
				086FFD812A29302C00456A70 /* FlowChat */,
			);
		};
/* End PBXProject section */

/* Begin PBXResourcesBuildPhase section */
		086FFD802A29302C00456A70 /* Resources */ = {
			isa = PBXResourcesBuildPhase;
			buildActionMask = 2147483647;
			files = (
				086FFD8D2A29302F00456A70 /* Preview Assets.xcassets in Resources */,
				0868B2AA2A2BCAAA000AC02E /* 145481-planet-earth-and-rocket.json in Resources */,
				086FFD982A2A009F00456A70 /* GoogleService-Info.plist in Resources */,
				086FFD8A2A29302F00456A70 /* Assets.xcassets in Resources */,
			);
			runOnlyForDeploymentPostprocessing = 0;
		};
/* End PBXResourcesBuildPhase section */

/* Begin PBXSourcesBuildPhase section */
		086FFD7E2A29302C00456A70 /* Sources */ = {
			isa = PBXSourcesBuildPhase;
			buildActionMask = 2147483647;
			files = (
				08F7176B2A2CABBD000ED3C0 /* AddView.swift in Sources */,
				0898F2342A2B5F5300BD26E8 /* RoundedCorner.swift in Sources */,
				086FFD882A29302C00456A70 /* ContentView.swift in Sources */,
				086FFD942A29303D00456A70 /* Colors.swift in Sources */,
				086FFD862A29302C00456A70 /* FlowChatApp.swift in Sources */,
				086FFDAE2A2A2BAC00456A70 /* UserData.swift in Sources */,
				086FFDB02A2A2D5400456A70 /* structs.swift in Sources */,
				086FFDA82A2A159900456A70 /* UserInformationView.swift in Sources */,
				086FFDA62A2A0E9500456A70 /* RegisterView.swift in Sources */,
				0868B2AE2A2BCD4F000AC02E /* LottieView.swift in Sources */,
				0898F2322A2B348D00BD26E8 /* MainView.swift in Sources */,
				086FFDAA2A2A168E00456A70 /* ImagePicker.swift in Sources */,
				086FFDA42A2A0E8B00456A70 /* LoginView.swift in Sources */,
				086FFDA22A2A032700456A70 /* StartView.swift in Sources */,
				089C541F2A3485950075E015 /* chatItemView.swift in Sources */,
			);
			runOnlyForDeploymentPostprocessing = 0;
		};
/* End PBXSourcesBuildPhase section */

/* Begin XCBuildConfiguration section */
		086FFD8E2A29302F00456A70 /* Debug */ = {
			isa = XCBuildConfiguration;
			buildSettings = {
				ALWAYS_SEARCH_USER_PATHS = NO;
				CLANG_ANALYZER_NONNULL = YES;
				CLANG_ANALYZER_NUMBER_OBJECT_CONVERSION = YES_AGGRESSIVE;
				CLANG_CXX_LANGUAGE_STANDARD = "gnu++20";
				CLANG_ENABLE_MODULES = YES;
				CLANG_ENABLE_OBJC_ARC = YES;
				CLANG_ENABLE_OBJC_WEAK = YES;
				CLANG_WARN_BLOCK_CAPTURE_AUTORELEASING = YES;
				CLANG_WARN_BOOL_CONVERSION = YES;
				CLANG_WARN_COMMA = YES;
				CLANG_WARN_CONSTANT_CONVERSION = YES;
				CLANG_WARN_DEPRECATED_OBJC_IMPLEMENTATIONS = YES;
				CLANG_WARN_DIRECT_OBJC_ISA_USAGE = YES_ERROR;
				CLANG_WARN_DOCUMENTATION_COMMENTS = YES;
				CLANG_WARN_EMPTY_BODY = YES;
				CLANG_WARN_ENUM_CONVERSION = YES;
				CLANG_WARN_INFINITE_RECURSION = YES;
				CLANG_WARN_INT_CONVERSION = YES;
				CLANG_WARN_NON_LITERAL_NULL_CONVERSION = YES;
				CLANG_WARN_OBJC_IMPLICIT_RETAIN_SELF = YES;
				CLANG_WARN_OBJC_LITERAL_CONVERSION = YES;
				CLANG_WARN_OBJC_ROOT_CLASS = YES_ERROR;
				CLANG_WARN_QUOTED_INCLUDE_IN_FRAMEWORK_HEADER = YES;
				CLANG_WARN_RANGE_LOOP_ANALYSIS = YES;
				CLANG_WARN_STRICT_PROTOTYPES = YES;
				CLANG_WARN_SUSPICIOUS_MOVE = YES;
				CLANG_WARN_UNGUARDED_AVAILABILITY = YES_AGGRESSIVE;
				CLANG_WARN_UNREACHABLE_CODE = YES;
				CLANG_WARN__DUPLICATE_METHOD_MATCH = YES;
				COPY_PHASE_STRIP = NO;
				DEBUG_INFORMATION_FORMAT = dwarf;
				ENABLE_STRICT_OBJC_MSGSEND = YES;
				ENABLE_TESTABILITY = YES;
				GCC_C_LANGUAGE_STANDARD = gnu11;
				GCC_DYNAMIC_NO_PIC = NO;
				GCC_NO_COMMON_BLOCKS = YES;
				GCC_OPTIMIZATION_LEVEL = 0;
				GCC_PREPROCESSOR_DEFINITIONS = (
					"DEBUG=1",
					"$(inherited)",
				);
				GCC_WARN_64_TO_32_BIT_CONVERSION = YES;
				GCC_WARN_ABOUT_RETURN_TYPE = YES_ERROR;
				GCC_WARN_UNDECLARED_SELECTOR = YES;
				GCC_WARN_UNINITIALIZED_AUTOS = YES_AGGRESSIVE;
				GCC_WARN_UNUSED_FUNCTION = YES;
				GCC_WARN_UNUSED_VARIABLE = YES;
				IPHONEOS_DEPLOYMENT_TARGET = 16.4;
				MTL_ENABLE_DEBUG_INFO = INCLUDE_SOURCE;
				MTL_FAST_MATH = YES;
				ONLY_ACTIVE_ARCH = YES;
				SDKROOT = iphoneos;
				SWIFT_ACTIVE_COMPILATION_CONDITIONS = DEBUG;
				SWIFT_OPTIMIZATION_LEVEL = "-Onone";
			};
			name = Debug;
		};
		086FFD8F2A29302F00456A70 /* Release */ = {
			isa = XCBuildConfiguration;
			buildSettings = {
				ALWAYS_SEARCH_USER_PATHS = NO;
				CLANG_ANALYZER_NONNULL = YES;
				CLANG_ANALYZER_NUMBER_OBJECT_CONVERSION = YES_AGGRESSIVE;
				CLANG_CXX_LANGUAGE_STANDARD = "gnu++20";
				CLANG_ENABLE_MODULES = YES;
				CLANG_ENABLE_OBJC_ARC = YES;
				CLANG_ENABLE_OBJC_WEAK = YES;
				CLANG_WARN_BLOCK_CAPTURE_AUTORELEASING = YES;
				CLANG_WARN_BOOL_CONVERSION = YES;
				CLANG_WARN_COMMA = YES;
				CLANG_WARN_CONSTANT_CONVERSION = YES;
				CLANG_WARN_DEPRECATED_OBJC_IMPLEMENTATIONS = YES;
				CLANG_WARN_DIRECT_OBJC_ISA_USAGE = YES_ERROR;
				CLANG_WARN_DOCUMENTATION_COMMENTS = YES;
				CLANG_WARN_EMPTY_BODY = YES;
				CLANG_WARN_ENUM_CONVERSION = YES;
				CLANG_WARN_INFINITE_RECURSION = YES;
				CLANG_WARN_INT_CONVERSION = YES;
				CLANG_WARN_NON_LITERAL_NULL_CONVERSION = YES;
				CLANG_WARN_OBJC_IMPLICIT_RETAIN_SELF = YES;
				CLANG_WARN_OBJC_LITERAL_CONVERSION = YES;
				CLANG_WARN_OBJC_ROOT_CLASS = YES_ERROR;
				CLANG_WARN_QUOTED_INCLUDE_IN_FRAMEWORK_HEADER = YES;
				CLANG_WARN_RANGE_LOOP_ANALYSIS = YES;
				CLANG_WARN_STRICT_PROTOTYPES = YES;
				CLANG_WARN_SUSPICIOUS_MOVE = YES;
				CLANG_WARN_UNGUARDED_AVAILABILITY = YES_AGGRESSIVE;
				CLANG_WARN_UNREACHABLE_CODE = YES;
				CLANG_WARN__DUPLICATE_METHOD_MATCH = YES;
				COPY_PHASE_STRIP = NO;
				DEBUG_INFORMATION_FORMAT = "dwarf-with-dsym";
				ENABLE_NS_ASSERTIONS = NO;
				ENABLE_STRICT_OBJC_MSGSEND = YES;
				GCC_C_LANGUAGE_STANDARD = gnu11;
				GCC_NO_COMMON_BLOCKS = YES;
				GCC_WARN_64_TO_32_BIT_CONVERSION = YES;
				GCC_WARN_ABOUT_RETURN_TYPE = YES_ERROR;
				GCC_WARN_UNDECLARED_SELECTOR = YES;
				GCC_WARN_UNINITIALIZED_AUTOS = YES_AGGRESSIVE;
				GCC_WARN_UNUSED_FUNCTION = YES;
				GCC_WARN_UNUSED_VARIABLE = YES;
				IPHONEOS_DEPLOYMENT_TARGET = 16.4;
				MTL_ENABLE_DEBUG_INFO = NO;
				MTL_FAST_MATH = YES;
				SDKROOT = iphoneos;
				SWIFT_COMPILATION_MODE = wholemodule;
				SWIFT_OPTIMIZATION_LEVEL = "-O";
				VALIDATE_PRODUCT = YES;
			};
			name = Release;
		};
		086FFD912A29302F00456A70 /* Debug */ = {
			isa = XCBuildConfiguration;
			buildSettings = {
				ASSETCATALOG_COMPILER_APPICON_NAME = AppIcon;
				ASSETCATALOG_COMPILER_GLOBAL_ACCENT_COLOR_NAME = AccentColor;
				CODE_SIGN_IDENTITY = "Apple Development";
				CODE_SIGN_STYLE = Automatic;
				CURRENT_PROJECT_VERSION = 1;
				DEVELOPMENT_ASSET_PATHS = "\"FlowChat/Preview Content\"";
				DEVELOPMENT_TEAM = 4NLRT8KSZR;
				ENABLE_PREVIEWS = YES;
				GENERATE_INFOPLIST_FILE = YES;
				INFOPLIST_KEY_UIApplicationSceneManifest_Generation = YES;
				INFOPLIST_KEY_UIApplicationSupportsIndirectInputEvents = YES;
				INFOPLIST_KEY_UILaunchScreen_Generation = YES;
				INFOPLIST_KEY_UISupportedInterfaceOrientations_iPad = "UIInterfaceOrientationPortrait UIInterfaceOrientationPortraitUpsideDown UIInterfaceOrientationLandscapeLeft UIInterfaceOrientationLandscapeRight";
				INFOPLIST_KEY_UISupportedInterfaceOrientations_iPhone = "UIInterfaceOrientationPortrait UIInterfaceOrientationLandscapeLeft UIInterfaceOrientationLandscapeRight";
				IPHONEOS_DEPLOYMENT_TARGET = 16.2;
				LD_RUNPATH_SEARCH_PATHS = (
					"$(inherited)",
					"@executable_path/Frameworks",
				);
				MARKETING_VERSION = 1.0;
				PRODUCT_BUNDLE_IDENTIFIER = me.hakim.Aliyev.FlowChat;
				PRODUCT_NAME = "$(TARGET_NAME)";
				PROVISIONING_PROFILE_SPECIFIER = "";
				SWIFT_EMIT_LOC_STRINGS = YES;
				SWIFT_VERSION = 5.0;
				TARGETED_DEVICE_FAMILY = "1,2";
			};
			name = Debug;
		};
		086FFD922A29302F00456A70 /* Release */ = {
			isa = XCBuildConfiguration;
			buildSettings = {
				ASSETCATALOG_COMPILER_APPICON_NAME = AppIcon;
				ASSETCATALOG_COMPILER_GLOBAL_ACCENT_COLOR_NAME = AccentColor;
				CODE_SIGN_IDENTITY = "Apple Development";
				CODE_SIGN_STYLE = Automatic;
				CURRENT_PROJECT_VERSION = 1;
				DEVELOPMENT_ASSET_PATHS = "\"FlowChat/Preview Content\"";
				DEVELOPMENT_TEAM = 4NLRT8KSZR;
				ENABLE_PREVIEWS = YES;
				GENERATE_INFOPLIST_FILE = YES;
				INFOPLIST_KEY_UIApplicationSceneManifest_Generation = YES;
				INFOPLIST_KEY_UIApplicationSupportsIndirectInputEvents = YES;
				INFOPLIST_KEY_UILaunchScreen_Generation = YES;
				INFOPLIST_KEY_UISupportedInterfaceOrientations_iPad = "UIInterfaceOrientationPortrait UIInterfaceOrientationPortraitUpsideDown UIInterfaceOrientationLandscapeLeft UIInterfaceOrientationLandscapeRight";
				INFOPLIST_KEY_UISupportedInterfaceOrientations_iPhone = "UIInterfaceOrientationPortrait UIInterfaceOrientationLandscapeLeft UIInterfaceOrientationLandscapeRight";
				IPHONEOS_DEPLOYMENT_TARGET = 16.2;
				LD_RUNPATH_SEARCH_PATHS = (
					"$(inherited)",
					"@executable_path/Frameworks",
				);
				MARKETING_VERSION = 1.0;
				PRODUCT_BUNDLE_IDENTIFIER = me.hakim.Aliyev.FlowChat;
				PRODUCT_NAME = "$(TARGET_NAME)";
				PROVISIONING_PROFILE_SPECIFIER = "";
				SWIFT_EMIT_LOC_STRINGS = YES;
				SWIFT_VERSION = 5.0;
				TARGETED_DEVICE_FAMILY = "1,2";
			};
			name = Release;
		};
/* End XCBuildConfiguration section */

/* Begin XCConfigurationList section */
		086FFD7D2A29302C00456A70 /* Build configuration list for PBXProject "FlowChat" */ = {
			isa = XCConfigurationList;
			buildConfigurations = (
				086FFD8E2A29302F00456A70 /* Debug */,
				086FFD8F2A29302F00456A70 /* Release */,
			);
			defaultConfigurationIsVisible = 0;
			defaultConfigurationName = Release;
		};
		086FFD902A29302F00456A70 /* Build configuration list for PBXNativeTarget "FlowChat" */ = {
			isa = XCConfigurationList;
			buildConfigurations = (
				086FFD912A29302F00456A70 /* Debug */,
				086FFD922A29302F00456A70 /* Release */,
			);
			defaultConfigurationIsVisible = 0;
			defaultConfigurationName = Release;
		};
/* End XCConfigurationList section */

/* Begin XCRemoteSwiftPackageReference section */
		086FFD992A2A014D00456A70 /* XCRemoteSwiftPackageReference "firebase-ios-sdk" */ = {
			isa = XCRemoteSwiftPackageReference;
			repositoryURL = "https://github.com/firebase/firebase-ios-sdk";
			requirement = {
				kind = upToNextMajorVersion;
				minimumVersion = 10.0.0;
			};
		};
		08BC39282A2BB7FF00C4F8D3 /* XCRemoteSwiftPackageReference "lottie-spm" */ = {
			isa = XCRemoteSwiftPackageReference;
			repositoryURL = "https://github.com/airbnb/lottie-spm";
			requirement = {
				kind = upToNextMajorVersion;
				minimumVersion = 4.0.0;
			};
		};
/* End XCRemoteSwiftPackageReference section */

/* Begin XCSwiftPackageProductDependency section */
		086FFD9A2A2A014D00456A70 /* FirebaseAuth */ = {
			isa = XCSwiftPackageProductDependency;
			package = 086FFD992A2A014D00456A70 /* XCRemoteSwiftPackageReference "firebase-ios-sdk" */;
			productName = FirebaseAuth;
		};
		086FFD9C2A2A014D00456A70 /* FirebaseFirestore */ = {
			isa = XCSwiftPackageProductDependency;
			package = 086FFD992A2A014D00456A70 /* XCRemoteSwiftPackageReference "firebase-ios-sdk" */;
			productName = FirebaseFirestore;
		};
		086FFD9E2A2A014D00456A70 /* FirebaseFirestoreSwift */ = {
			isa = XCSwiftPackageProductDependency;
			package = 086FFD992A2A014D00456A70 /* XCRemoteSwiftPackageReference "firebase-ios-sdk" */;
			productName = FirebaseFirestoreSwift;
		};
		08BC39292A2BB7FF00C4F8D3 /* Lottie */ = {
			isa = XCSwiftPackageProductDependency;
			package = 08BC39282A2BB7FF00C4F8D3 /* XCRemoteSwiftPackageReference "lottie-spm" */;
			productName = Lottie;
		};
/* End XCSwiftPackageProductDependency section */
	};
	rootObject = 086FFD7A2A29302C00456A70 /* Project object */;
}
